Microsoft Visual Studio Solution File, Format Version 12.00
# Visual Studio Version 17
VisualStudioVersion = 17.5.2.0
MinimumVisualStudioVersion = 10.0.40219.1
Project("{FAE04EC0-301F-11D3-BF4B-00C04F79EFBC}") = "FieldScanNew", "FieldScanNew.csproj", "{48D50CC9-DD87-B7EE-E4F6-B1149FED3F52}"
EndProject
Global
	GlobalSection(SolutionConfigurationPlatforms) = preSolution
		Debug|Any CPU = Debug|Any CPU
		Release|Any CPU = Release|Any CPU
	EndGlobalSection
	GlobalSection(ProjectConfigurationPlatforms) = postSolution
		{48D50CC9-DD87-B7EE-E4F6-B1149FED3F52}.Debug|Any CPU.ActiveCfg = Debug|Any CPU
		{48D50CC9-DD87-B7EE-E4F6-B1149FED3F52}.Debug|Any CPU.Build.0 = Debug|Any CPU
		{48D50CC9-DD87-B7EE-E4F6-B1149FED3F52}.Release|Any CPU.ActiveCfg = Release|Any CPU
		{48D50CC9-DD87-B7EE-E4F6-B1149FED3F52}.Release|Any CPU.Build.0 = Release|Any CPU
	EndGlobalSection
	GlobalSection(SolutionProperties) = preSolution
		HideSolutionNode = FALSE
	EndGlobalSection
	GlobalSection(ExtensibilityGlobals) = postSolution
		SolutionGuid = {ED45ADEE-3C04-446D-8FBD-AF0CE1FB8161}
	EndGlobalSection
EndGlobal
